
Microsoft Visual Studio Solution File, Format Version 12.00
# Visual Studio Version 17
VisualStudioVersion = 17.0.31717.71
MinimumVisualStudioVersion = 10.0.40219.1
Project("{9D3CD2BE-C0FC-427D-BBDF-21E2A18A1B7A}") = "Warehouse.Server", "Server\Warehouse.Server.csproj", "{5D4E1EE2-2059-49C4-8E5E-9C7CCDE801E6}"
EndProject
Project("{9D3CD2BE-C0FC-427D-BBDF-21E2A18A1B7A}") = "Warehouse.Client", "Client\Warehouse.Client.csproj", "{8FE84321-AAD8-488D-8827-C12E82659677}"
EndProject
Project("{9D3CD2BE-C0FC-427D-BBDF-21E2A18A1B7A}") = "Warehouse.Shared", "Shared\Warehouse.Shared.csproj", "{2D063898-A243-4DB4-BD2E-3B0C2AD4ADF5}"
EndProject
Global
	GlobalSection(SolutionConfigurationPlatforms) = preSolution
		Debug|Any CPU = Debug|Any CPU
		Release|Any CPU = Release|Any CPU
	EndGlobalSection
	GlobalSection(ProjectConfigurationPlatforms) = postSolution
		{5D4E1EE2-2059-49C4-8E5E-9C7CCDE801E6}.Debug|Any CPU.ActiveCfg = Debug|Any CPU
		{5D4E1EE2-2059-49C4-8E5E-9C7CCDE801E6}.Debug|Any CPU.Build.0 = Debug|Any CPU
		{5D4E1EE2-2059-49C4-8E5E-9C7CCDE801E6}.Release|Any CPU.ActiveCfg = Release|Any CPU
		{5D4E1EE2-2059-49C4-8E5E-9C7CCDE801E6}.Release|Any CPU.Build.0 = Release|Any CPU
		{8FE84321-AAD8-488D-8827-C12E82659677}.Debug|Any CPU.ActiveCfg = Debug|Any CPU
		{8FE84321-AAD8-488D-8827-C12E82659677}.Debug|Any CPU.Build.0 = Debug|Any CPU
		{8FE84321-AAD8-488D-8827-C12E82659677}.Release|Any CPU.ActiveCfg = Release|Any CPU
		{8FE84321-AAD8-488D-8827-C12E82659677}.Release|Any CPU.Build.0 = Release|Any CPU
		{2D063898-A243-4DB4-BD2E-3B0C2AD4ADF5}.Debug|Any CPU.ActiveCfg = Debug|Any CPU
		{2D063898-A243-4DB4-BD2E-3B0C2AD4ADF5}.Debug|Any CPU.Build.0 = Debug|Any CPU
		{2D063898-A243-4DB4-BD2E-3B0C2AD4ADF5}.Release|Any CPU.ActiveCfg = Release|Any CPU
		{2D063898-A243-4DB4-BD2E-3B0C2AD4ADF5}.Release|Any CPU.Build.0 = Release|Any CPU
	EndGlobalSection
	GlobalSection(SolutionProperties) = preSolution
		HideSolutionNode = FALSE
	EndGlobalSection
	GlobalSection(ExtensibilityGlobals) = postSolution
		SolutionGuid = {923FB181-8C55-4D9D-A5C4-52AE40CDCEAE}
	EndGlobalSection
EndGlobal