
Microsoft Visual Studio Solution File, Format Version 12.00
# Visual Studio Version 17
VisualStudioVersion = 17.0.31919.166
MinimumVisualStudioVersion = 10.0.40219.1
Project("{FAE04EC0-301F-11D3-BF4B-00C04F79EFBC}") = "Warehouse.Client", "Warehouse\Client\Warehouse.Client.csproj", "{3F2483AE-1C76-4C4F-9282-28E57B49183D}"
EndProject
Project("{FAE04EC0-301F-11D3-BF4B-00C04F79EFBC}") = "Warehouse.Server", "Warehouse\Server\Warehouse.Server.csproj", "{280112C8-CFE8-4734-82CD-D54BEA96D3A4}"
EndProject
Project("{FAE04EC0-301F-11D3-BF4B-00C04F79EFBC}") = "Warehouse.Shared", "Warehouse\Shared\Warehouse.Shared.csproj", "{639BAE48-21C9-4FED-A131-BCAD0246373C}"
EndProject
Global
	GlobalSection(SolutionConfigurationPlatforms) = preSolution
		Debug|Any CPU = Debug|Any CPU
		Release|Any CPU = Release|Any CPU
	EndGlobalSection
	GlobalSection(ProjectConfigurationPlatforms) = postSolution
		{3F2483AE-1C76-4C4F-9282-28E57B49183D}.Debug|Any CPU.ActiveCfg = Debug|Any CPU
		{3F2483AE-1C76-4C4F-9282-28E57B49183D}.Debug|Any CPU.Build.0 = Debug|Any CPU
		{3F2483AE-1C76-4C4F-9282-28E57B49183D}.Release|Any CPU.ActiveCfg = Release|Any CPU
		{3F2483AE-1C76-4C4F-9282-28E57B49183D}.Release|Any CPU.Build.0 = Release|Any CPU
		{280112C8-CFE8-4734-82CD-D54BEA96D3A4}.Debug|Any CPU.ActiveCfg = Debug|Any CPU
		{280112C8-CFE8-4734-82CD-D54BEA96D3A4}.Debug|Any CPU.Build.0 = Debug|Any CPU
		{280112C8-CFE8-4734-82CD-D54BEA96D3A4}.Release|Any CPU.ActiveCfg = Release|Any CPU
		{280112C8-CFE8-4734-82CD-D54BEA96D3A4}.Release|Any CPU.Build.0 = Release|Any CPU
		{639BAE48-21C9-4FED-A131-BCAD0246373C}.Debug|Any CPU.ActiveCfg = Debug|Any CPU
		{639BAE48-21C9-4FED-A131-BCAD0246373C}.Debug|Any CPU.Build.0 = Debug|Any CPU
		{639BAE48-21C9-4FED-A131-BCAD0246373C}.Release|Any CPU.ActiveCfg = Release|Any CPU
		{639BAE48-21C9-4FED-A131-BCAD0246373C}.Release|Any CPU.Build.0 = Release|Any CPU
	EndGlobalSection
	GlobalSection(SolutionProperties) = preSolution
		HideSolutionNode = FALSE
	EndGlobalSection
	GlobalSection(ExtensibilityGlobals) = postSolution
		SolutionGuid = {6A83D4C1-3BAA-45DA-9D57-56FE2302F297}
	EndGlobalSection
EndGlobal
